
Microsoft Visual Studio Solution File, Format Version 12.00
# Visual Studio Version 16
VisualStudioVersion = 16.0.30114.105
MinimumVisualStudioVersion = 10.0.40219.1
Project("{FAE04EC0-301F-11D3-BF4B-00C04F79EFBC}") = "TCM_1", "TCM_1\TCM_1.csproj", "{BB7AE5AD-7FAB-4BFC-BA92-29A83054677B}"
EndProject
Project("{2150E333-8FDC-42A3-9474-1A3956D46DE8}") = "1 - Domain", "1 - Domain", "{DFA7BAD6-0E60-4A06-BBF9-41F21C6FF9E4}"
EndProject
Project("{2150E333-8FDC-42A3-9474-1A3956D46DE8}") = "2 - Data", "2 - Data", "{359F0D4F-22E6-4261-B2EF-FEA4609447E7}"
EndProject
Project("{2150E333-8FDC-42A3-9474-1A3956D46DE8}") = "3 - Business", "3 - Business", "{8EEFC62A-73D9-4E31-B2E4-4D1B81A658CE}"
EndProject
Project("{2150E333-8FDC-42A3-9474-1A3956D46DE8}") = "4 - Application", "4 - Application", "{97B6EA00-34D6-4E5C-ABCE-30D6C48415B7}"
EndProject
Project("{2150E333-8FDC-42A3-9474-1A3956D46DE8}") = "5 - Test", "5 - Test", "{99992D10-09E9-47F5-A991-13F3A1D3CA15}"
EndProject
Project("{2150E333-8FDC-42A3-9474-1A3956D46DE8}") = "0 - Infrastructure", "0 - Infrastructure", "{D39E8E60-5DB1-49BB-8C0C-13104EB1A858}"
EndProject
Project("{FAE04EC0-301F-11D3-BF4B-00C04F79EFBC}") = "ProjetoTCM.Infrastructure.Common", "Infrastructure.Common\ProjetoTCM.Infrastructure.Common\ProjetoTCM.Infrastructure.Common.csproj", "{23A3DE1A-6CD4-4851-B118-9C439B9219BF}"
EndProject
Project("{FAE04EC0-301F-11D3-BF4B-00C04F79EFBC}") = "ProjetoTCM.Domain", "Domain\ProjetoTCM.Domain\ProjetoTCM.Domain.csproj", "{C49D8E8D-3EAD-482F-958C-E3693B538C2F}"
EndProject
Project("{FAE04EC0-301F-11D3-BF4B-00C04F79EFBC}") = "ProjetoTCM.Data", "Data\ProjetoTCM.Data\ProjetoTCM.Data.csproj", "{B05DBC0D-C223-480A-A3A3-6CC3D304ACDA}"
EndProject
Project("{FAE04EC0-301F-11D3-BF4B-00C04F79EFBC}") = "ProjetoTCM.Business", "Business\ProjetoTCM.Business\ProjetoTCM.Business.csproj", "{A345C8AD-C2FC-4648-9C20-7E49B0CD7D0F}"
EndProject
Project("{FAE04EC0-301F-11D3-BF4B-00C04F79EFBC}") = "projetoTCM", "projetoTCM\projetoTCM.csproj", "{556DBF5A-C096-4B0E-8DD6-B34E1D50A66F}"
EndProject
Project("{FAE04EC0-301F-11D3-BF4B-00C04F79EFBC}") = "ProjetoTCM.Test", "Test\ProjetoTCM.Test\ProjetoTCM.Test.csproj", "{408618C4-644B-4722-8200-64B4375CAA00}"
EndProject
Global
	GlobalSection(SolutionConfigurationPlatforms) = preSolution
		Debug|Any CPU = Debug|Any CPU
		Release|Any CPU = Release|Any CPU
	EndGlobalSection
	GlobalSection(ProjectConfigurationPlatforms) = postSolution
		{BB7AE5AD-7FAB-4BFC-BA92-29A83054677B}.Debug|Any CPU.ActiveCfg = Debug|Any CPU
		{BB7AE5AD-7FAB-4BFC-BA92-29A83054677B}.Debug|Any CPU.Build.0 = Debug|Any CPU
		{BB7AE5AD-7FAB-4BFC-BA92-29A83054677B}.Release|Any CPU.ActiveCfg = Release|Any CPU
		{BB7AE5AD-7FAB-4BFC-BA92-29A83054677B}.Release|Any CPU.Build.0 = Release|Any CPU
		{23A3DE1A-6CD4-4851-B118-9C439B9219BF}.Debug|Any CPU.ActiveCfg = Debug|Any CPU
		{23A3DE1A-6CD4-4851-B118-9C439B9219BF}.Debug|Any CPU.Build.0 = Debug|Any CPU
		{23A3DE1A-6CD4-4851-B118-9C439B9219BF}.Release|Any CPU.ActiveCfg = Release|Any CPU
		{23A3DE1A-6CD4-4851-B118-9C439B9219BF}.Release|Any CPU.Build.0 = Release|Any CPU
		{C49D8E8D-3EAD-482F-958C-E3693B538C2F}.Debug|Any CPU.ActiveCfg = Debug|Any CPU
		{C49D8E8D-3EAD-482F-958C-E3693B538C2F}.Debug|Any CPU.Build.0 = Debug|Any CPU
		{C49D8E8D-3EAD-482F-958C-E3693B538C2F}.Release|Any CPU.ActiveCfg = Release|Any CPU
		{C49D8E8D-3EAD-482F-958C-E3693B538C2F}.Release|Any CPU.Build.0 = Release|Any CPU
		{B05DBC0D-C223-480A-A3A3-6CC3D304ACDA}.Debug|Any CPU.ActiveCfg = Debug|Any CPU
		{B05DBC0D-C223-480A-A3A3-6CC3D304ACDA}.Debug|Any CPU.Build.0 = Debug|Any CPU
		{B05DBC0D-C223-480A-A3A3-6CC3D304ACDA}.Release|Any CPU.ActiveCfg = Release|Any CPU
		{B05DBC0D-C223-480A-A3A3-6CC3D304ACDA}.Release|Any CPU.Build.0 = Release|Any CPU
		{A345C8AD-C2FC-4648-9C20-7E49B0CD7D0F}.Debug|Any CPU.ActiveCfg = Debug|Any CPU
		{A345C8AD-C2FC-4648-9C20-7E49B0CD7D0F}.Debug|Any CPU.Build.0 = Debug|Any CPU
		{A345C8AD-C2FC-4648-9C20-7E49B0CD7D0F}.Release|Any CPU.ActiveCfg = Release|Any CPU
		{A345C8AD-C2FC-4648-9C20-7E49B0CD7D0F}.Release|Any CPU.Build.0 = Release|Any CPU
		{556DBF5A-C096-4B0E-8DD6-B34E1D50A66F}.Debug|Any CPU.ActiveCfg = Debug|Any CPU
		{556DBF5A-C096-4B0E-8DD6-B34E1D50A66F}.Debug|Any CPU.Build.0 = Debug|Any CPU
		{556DBF5A-C096-4B0E-8DD6-B34E1D50A66F}.Release|Any CPU.ActiveCfg = Release|Any CPU
		{556DBF5A-C096-4B0E-8DD6-B34E1D50A66F}.Release|Any CPU.Build.0 = Release|Any CPU
		{408618C4-644B-4722-8200-64B4375CAA00}.Debug|Any CPU.ActiveCfg = Debug|Any CPU
		{408618C4-644B-4722-8200-64B4375CAA00}.Debug|Any CPU.Build.0 = Debug|Any CPU
		{408618C4-644B-4722-8200-64B4375CAA00}.Release|Any CPU.ActiveCfg = Release|Any CPU
		{408618C4-644B-4722-8200-64B4375CAA00}.Release|Any CPU.Build.0 = Release|Any CPU
	EndGlobalSection
	GlobalSection(SolutionProperties) = preSolution
		HideSolutionNode = FALSE
	EndGlobalSection
	GlobalSection(NestedProjects) = preSolution
		{BB7AE5AD-7FAB-4BFC-BA92-29A83054677B} = {97B6EA00-34D6-4E5C-ABCE-30D6C48415B7}
		{23A3DE1A-6CD4-4851-B118-9C439B9219BF} = {D39E8E60-5DB1-49BB-8C0C-13104EB1A858}
		{C49D8E8D-3EAD-482F-958C-E3693B538C2F} = {DFA7BAD6-0E60-4A06-BBF9-41F21C6FF9E4}
		{B05DBC0D-C223-480A-A3A3-6CC3D304ACDA} = {359F0D4F-22E6-4261-B2EF-FEA4609447E7}
		{A345C8AD-C2FC-4648-9C20-7E49B0CD7D0F} = {8EEFC62A-73D9-4E31-B2E4-4D1B81A658CE}
		{556DBF5A-C096-4B0E-8DD6-B34E1D50A66F} = {97B6EA00-34D6-4E5C-ABCE-30D6C48415B7}
		{408618C4-644B-4722-8200-64B4375CAA00} = {99992D10-09E9-47F5-A991-13F3A1D3CA15}
	EndGlobalSection
	GlobalSection(ExtensibilityGlobals) = postSolution
		SolutionGuid = {84BFDB67-E5D8-4723-85F5-E8197F497081}
	EndGlobalSection
EndGlobal
